
Microsoft Visual Studio Solution File, Format Version 12.00
# Visual Studio 15
VisualStudioVersion = 15.0.27428.2002
MinimumVisualStudioVersion = 10.0.40219.1
Project("{FAE04EC0-301F-11D3-BF4B-00C04F79EFBC}") = "CenizoTraderLibrary", "ClassLibrary1\CenizoTraderLibrary.csproj", "{023C65B5-B30E-4E74-8495-079681E57D32}"
EndProject
Project("{FAE04EC0-301F-11D3-BF4B-00C04F79EFBC}") = "ConsoleClient", "ConsoleApp1\ConsoleClient.csproj", "{0AB4C2B6-9208-4702-9A9A-421BAB17DBC9}"
EndProject
Global
	GlobalSection(SolutionConfigurationPlatforms) = preSolution
		Debug|Any CPU = Debug|Any CPU
		Debug|ARM = Debug|ARM
		Debug|x64 = Debug|x64
		Debug|x86 = Debug|x86
		Release|Any CPU = Release|Any CPU
		Release|ARM = Release|ARM
		Release|x64 = Release|x64
		Release|x86 = Release|x86
	EndGlobalSection
	GlobalSection(ProjectConfigurationPlatforms) = postSolution
		{023C65B5-B30E-4E74-8495-079681E57D32}.Debug|Any CPU.ActiveCfg = Debug|Any CPU
		{023C65B5-B30E-4E74-8495-079681E57D32}.Debug|Any CPU.Build.0 = Debug|Any CPU
		{023C65B5-B30E-4E74-8495-079681E57D32}.Debug|ARM.ActiveCfg = Debug|Any CPU
		{023C65B5-B30E-4E74-8495-079681E57D32}.Debug|ARM.Build.0 = Debug|Any CPU
		{023C65B5-B30E-4E74-8495-079681E57D32}.Debug|x64.ActiveCfg = Debug|Any CPU
		{023C65B5-B30E-4E74-8495-079681E57D32}.Debug|x64.Build.0 = Debug|Any CPU
		{023C65B5-B30E-4E74-8495-079681E57D32}.Debug|x86.ActiveCfg = Debug|Any CPU
		{023C65B5-B30E-4E74-8495-079681E57D32}.Debug|x86.Build.0 = Debug|Any CPU
		{023C65B5-B30E-4E74-8495-079681E57D32}.Release|Any CPU.ActiveCfg = Release|Any CPU
		{023C65B5-B30E-4E74-8495-079681E57D32}.Release|Any CPU.Build.0 = Release|Any CPU
		{023C65B5-B30E-4E74-8495-079681E57D32}.Release|ARM.ActiveCfg = Release|Any CPU
		{023C65B5-B30E-4E74-8495-079681E57D32}.Release|ARM.Build.0 = Release|Any CPU
		{023C65B5-B30E-4E74-8495-079681E57D32}.Release|x64.ActiveCfg = Release|Any CPU
		{023C65B5-B30E-4E74-8495-079681E57D32}.Release|x64.Build.0 = Release|Any CPU
		{023C65B5-B30E-4E74-8495-079681E57D32}.Release|x86.ActiveCfg = Release|Any CPU
		{023C65B5-B30E-4E74-8495-079681E57D32}.Release|x86.Build.0 = Release|Any CPU
		{0AB4C2B6-9208-4702-9A9A-421BAB17DBC9}.Debug|Any CPU.ActiveCfg = Debug|Any CPU
		{0AB4C2B6-9208-4702-9A9A-421BAB17DBC9}.Debug|Any CPU.Build.0 = Debug|Any CPU
		{0AB4C2B6-9208-4702-9A9A-421BAB17DBC9}.Debug|ARM.ActiveCfg = Debug|Any CPU
		{0AB4C2B6-9208-4702-9A9A-421BAB17DBC9}.Debug|ARM.Build.0 = Debug|Any CPU
		{0AB4C2B6-9208-4702-9A9A-421BAB17DBC9}.Debug|x64.ActiveCfg = Debug|Any CPU
		{0AB4C2B6-9208-4702-9A9A-421BAB17DBC9}.Debug|x64.Build.0 = Debug|Any CPU
		{0AB4C2B6-9208-4702-9A9A-421BAB17DBC9}.Debug|x86.ActiveCfg = Debug|Any CPU
		{0AB4C2B6-9208-4702-9A9A-421BAB17DBC9}.Debug|x86.Build.0 = Debug|Any CPU
		{0AB4C2B6-9208-4702-9A9A-421BAB17DBC9}.Release|Any CPU.ActiveCfg = Release|Any CPU
		{0AB4C2B6-9208-4702-9A9A-421BAB17DBC9}.Release|Any CPU.Build.0 = Release|Any CPU
		{0AB4C2B6-9208-4702-9A9A-421BAB17DBC9}.Release|ARM.ActiveCfg = Release|Any CPU
		{0AB4C2B6-9208-4702-9A9A-421BAB17DBC9}.Release|ARM.Build.0 = Release|Any CPU
		{0AB4C2B6-9208-4702-9A9A-421BAB17DBC9}.Release|x64.ActiveCfg = Release|Any CPU
		{0AB4C2B6-9208-4702-9A9A-421BAB17DBC9}.Release|x64.Build.0 = Release|Any CPU
		{0AB4C2B6-9208-4702-9A9A-421BAB17DBC9}.Release|x86.ActiveCfg = Release|Any CPU
		{0AB4C2B6-9208-4702-9A9A-421BAB17DBC9}.Release|x86.Build.0 = Release|Any CPU
	EndGlobalSection
	GlobalSection(SolutionProperties) = preSolution
		HideSolutionNode = FALSE
	EndGlobalSection
	GlobalSection(ExtensibilityGlobals) = postSolution
		SolutionGuid = {4BFA9F28-B43C-4A1E-959F-43CE55E44FB5}
	EndGlobalSection
EndGlobal
